Microsoft Visual Studio Solution File, Format Version 11.00
# Visual Studio 2010
Project("{FAE04EC0-301F-11D3-BF4B-00C04F79EFBC}") = "MyBillingProduct", "SimpleMocks\MyBillingProduct.csproj", "{94677955-90A3-442D-A246-A1DAE76B29D2}"
EndProject
Project("{FAE04EC0-301F-11D3-BF4B-00C04F79EFBC}") = "MyBillingProduct.Tests", "SimpleMocks.tests\MyBillingProduct.Tests.csproj", "{EB8182E3-D2A9-450E-BCD8-3378EE14F3F1}"
EndProject
Global
	GlobalSection(SolutionConfigurationPlatforms) = preSolution
		Debug|Any CPU = Debug|Any CPU
		Release|Any CPU = Release|Any CPU
	EndGlobalSection
	GlobalSection(ProjectConfigurationPlatforms) = postSolution
		{94677955-90A3-442D-A246-A1DAE76B29D2}.Debug|Any CPU.ActiveCfg = Debug|Any CPU
		{94677955-90A3-442D-A246-A1DAE76B29D2}.Debug|Any CPU.Build.0 = Debug|Any CPU
		{94677955-90A3-442D-A246-A1DAE76B29D2}.Release|Any CPU.ActiveCfg = Release|Any CPU
		{94677955-90A3-442D-A246-A1DAE76B29D2}.Release|Any CPU.Build.0 = Release|Any CPU
		{EB8182E3-D2A9-450E-BCD8-3378EE14F3F1}.Debug|Any CPU.ActiveCfg = Debug|Any CPU
		{EB8182E3-D2A9-450E-BCD8-3378EE14F3F1}.Debug|Any CPU.Build.0 = Debug|Any CPU
		{EB8182E3-D2A9-450E-BCD8-3378EE14F3F1}.Release|Any CPU.ActiveCfg = Release|Any CPU
		{EB8182E3-D2A9-450E-BCD8-3378EE14F3F1}.Release|Any CPU.Build.0 = Release|Any CPU
	EndGlobalSection
	GlobalSection(SolutionProperties) = preSolution
		HideSolutionNode = FALSE
	EndGlobalSection
	GlobalSection(ExtensibilityGlobals) = postSolution
		VisualSVNWorkingCopyRoot = .
	EndGlobalSection
EndGlobal
